// !$*UTF8*$!
{
	archiveVersion = 1;
	classes = {
	};
	objectVersion = 56;
	objects = {

/* Begin PBXBuildFile section */
		CC375C6A2C5FB30C008AD74F /* AppDelegate.swift in Sources */ = {isa = PBXBuildFile; fileRef = CC375C692C5FB30C008AD74F /* AppDelegate.swift */; };
		CC375C6C2C5FB30C008AD74F /* SceneDelegate.swift in Sources */ = {isa = PBXBuildFile; fileRef = CC375C6B2C5FB30C008AD74F /* SceneDelegate.swift */; };
		CC375C6E2C5FB30C008AD74F /* BookViewController.swift in Sources */ = {isa = PBXBuildFile; fileRef = CC375C6D2C5FB30C008AD74F /* BookViewController.swift */; };
		CC375C712C5FB30C008AD74F /* Base in Resources */ = {isa = PBXBuildFile; fileRef = CC375C702C5FB30C008AD74F /* Base */; };
		CC375C732C5FB30E008AD74F /* Assets.xcassets in Resources */ = {isa = PBXBuildFile; fileRef = CC375C722C5FB30E008AD74F /* Assets.xcassets */; };
		CC375C762C5FB30E008AD74F /* Base in Resources */ = {isa = PBXBuildFile; fileRef = CC375C752C5FB30E008AD74F /* Base */; };
		CC375C8B2C5FB30F008AD74F /* MyBookLibraryUITests.swift in Sources */ = {isa = PBXBuildFile; fileRef = CC375C8A2C5FB30F008AD74F /* MyBookLibraryUITests.swift */; };
		CC375C8D2C5FB30F008AD74F /* MyBookLibraryUITestsLaunchTests.swift in Sources */ = {isa = PBXBuildFile; fileRef = CC375C8C2C5FB30F008AD74F /* MyBookLibraryUITestsLaunchTests.swift */; };
		CC375CA32C5FBC63008AD74F /* Book.swift in Sources */ = {isa = PBXBuildFile; fileRef = CC375CA22C5FBC63008AD74F /* Book.swift */; };
		CC55470C2C63B7F200011C8D /* XCTestCase+Helper.swift in Sources */ = {isa = PBXBuildFile; fileRef = CC55470B2C63B7F200011C8D /* XCTestCase+Helper.swift */; };
		CC5547152C63D0E300011C8D /* Alamofire in Frameworks */ = {isa = PBXBuildFile; productRef = CC5547142C63D0E300011C8D /* Alamofire */; };
		CCA2757D2C66266400AC2583 /* BookListViewModel.swift in Sources */ = {isa = PBXBuildFile; fileRef = CCA2757C2C66266400AC2583 /* BookListViewModel.swift */; };
		CCC655B22C68D810007471CB /* BookDetailPageViewController.swift in Sources */ = {isa = PBXBuildFile; fileRef = CCC655B02C68D810007471CB /* BookDetailPageViewController.swift */; };
		CCC655B72C68DA0D007471CB /* UIImageView+DownloadImage.swift in Sources */ = {isa = PBXBuildFile; fileRef = CCC655B62C68DA0D007471CB /* UIImageView+DownloadImage.swift */; };
		CCC655B92C68DD68007471CB /* BookDetailPageViewController.xib in Resources */ = {isa = PBXBuildFile; fileRef = CCC655B82C68DD68007471CB /* BookDetailPageViewController.xib */; };
		CCC655BB2C68DE87007471CB /* Date+FormattedDisplay.swift in Sources */ = {isa = PBXBuildFile; fileRef = CCC655BA2C68DE87007471CB /* Date+FormattedDisplay.swift */; };
		CCC655BD2C690D0C007471CB /* FavoritesManager.swift in Sources */ = {isa = PBXBuildFile; fileRef = CCC655BC2C690D0C007471CB /* FavoritesManager.swift */; };
		CCC655C02C690D4A007471CB /* FavoritesManagerTest.swift in Sources */ = {isa = PBXBuildFile; fileRef = CCC655BF2C690D4A007471CB /* FavoritesManagerTest.swift */; };
		CCD3698C2C68B5DD008B280A /* BookAdapter.swift in Sources */ = {isa = PBXBuildFile; fileRef = CCD3698B2C68B5DD008B280A /* BookAdapter.swift */; };
		CCD3698E2C68B65F008B280A /* BookService.swift in Sources */ = {isa = PBXBuildFile; fileRef = CCD3698D2C68B65F008B280A /* BookService.swift */; };
		CCD369962C68BA97008B280A /* BookCollectionViewCell.swift in Sources */ = {isa = PBXBuildFile; fileRef = CCD369942C68BA97008B280A /* BookCollectionViewCell.swift */; };
		CCD369972C68BA97008B280A /* BookCollectionViewCell.xib in Resources */ = {isa = PBXBuildFile; fileRef = CCD369952C68BA97008B280A /* BookCollectionViewCell.xib */; };
		CCD4A4212C6A1B0D00B94523 /* BookSaverManagerTest.swift in Sources */ = {isa = PBXBuildFile; fileRef = CCD4A4202C6A1B0D00B94523 /* BookSaverManagerTest.swift */; };
		CCE4AC182C6A569700997CB9 /* BookAdapterTest.swift in Sources */ = {isa = PBXBuildFile; fileRef = CCE4AC172C6A569700997CB9 /* BookAdapterTest.swift */; };
		CCE4AC1A2C6A57E000997CB9 /* MockBookSaver.swift in Sources */ = {isa = PBXBuildFile; fileRef = CCE4AC192C6A57E000997CB9 /* MockBookSaver.swift */; };
		CCE4AC1D2C6A580F00997CB9 /* BookListViewModelTest.swift in Sources */ = {isa = PBXBuildFile; fileRef = CCE4AC1C2C6A580F00997CB9 /* BookListViewModelTest.swift */; };
		CCF0E5C92C69A9B7006AA374 /* BookDataModel.xcdatamodeld in Sources */ = {isa = PBXBuildFile; fileRef = CCF0E5C72C69A9B7006AA374 /* BookDataModel.xcdatamodeld */; };
		CCF0E5CC2C69AA8B006AA374 /* BookSaverManager.swift in Sources */ = {isa = PBXBuildFile; fileRef = CCF0E5CB2C69AA8B006AA374 /* BookSaverManager.swift */; };
		CCF0E5CE2C69ACC7006AA374 /* AddBookViewController.swift in Sources */ = {isa = PBXBuildFile; fileRef = CCF0E5CD2C69ACC7006AA374 /* AddBookViewController.swift */; };
		CCF0E5D02C69ACD9006AA374 /* AddBookViewController.xib in Resources */ = {isa = PBXBuildFile; fileRef = CCF0E5CF2C69ACD9006AA374 /* AddBookViewController.xib */; };
		CCF68DBC2C676364005AB986 /* MockBookService.swift in Sources */ = {isa = PBXBuildFile; fileRef = CCF68DBB2C676364005AB986 /* MockBookService.swift */; };
		CCF68DBF2C677642005AB986 /* Book+Sample.swift in Sources */ = {isa = PBXBuildFile; fileRef = CCF68DBE2C677642005AB986 /* Book+Sample.swift */; };
/* End PBXBuildFile section */

/* Begin PBXContainerItemProxy section */
		CC375C7D2C5FB30F008AD74F /* PBXContainerItemProxy */ = {
			isa = PBXContainerItemProxy;
			containerPortal = CC375C5E2C5FB30C008AD74F /* Project object */;
			proxyType = 1;
			remoteGlobalIDString = CC375C652C5FB30C008AD74F;
			remoteInfo = MyBookLibrary;
		};
		CC375C872C5FB30F008AD74F /* PBXContainerItemProxy */ = {
			isa = PBXContainerItemProxy;
			containerPortal = CC375C5E2C5FB30C008AD74F /* Project object */;
			proxyType = 1;
			remoteGlobalIDString = CC375C652C5FB30C008AD74F;
			remoteInfo = MyBookLibrary;
		};
/* End PBXContainerItemProxy section */

/* Begin PBXFileReference section */
		CC375C662C5FB30C008AD74F /* MyBookLibrary.app */ = {isa = PBXFileReference; explicitFileType = wrapper.application; includeInIndex = 0; path = MyBookLibrary.app; sourceTree = BUILT_PRODUCTS_DIR; };
		CC375C692C5FB30C008AD74F /* AppDelegate.swift */ = {isa = PBXFileReference; lastKnownFileType = sourcecode.swift; path = AppDelegate.swift; sourceTree = "<group>"; };
		CC375C6B2C5FB30C008AD74F /* SceneDelegate.swift */ = {isa = PBXFileReference; lastKnownFileType = sourcecode.swift; path = SceneDelegate.swift; sourceTree = "<group>"; };
		CC375C6D2C5FB30C008AD74F /* BookViewController.swift */ = {isa = PBXFileReference; lastKnownFileType = sourcecode.swift; path = BookViewController.swift; sourceTree = "<group>"; };
		CC375C702C5FB30C008AD74F /* Base */ = {isa = PBXFileReference; lastKnownFileType = file.storyboard; name = Base; path = Base.lproj/Main.storyboard; sourceTree = "<group>"; };
		CC375C722C5FB30E008AD74F /* Assets.xcassets */ = {isa = PBXFileReference; lastKnownFileType = folder.assetcatalog; path = Assets.xcassets; sourceTree = "<group>"; };
		CC375C752C5FB30E008AD74F /* Base */ = {isa = PBXFileReference; lastKnownFileType = file.storyboard; name = Base; path = Base.lproj/LaunchScreen.storyboard; sourceTree = "<group>"; };
		CC375C772C5FB30E008AD74F /* Info.plist */ = {isa = PBXFileReference; lastKnownFileType = text.plist.xml; path = Info.plist; sourceTree = "<group>"; };
		CC375C7C2C5FB30F008AD74F /* MyBookLibraryTests.xctest */ = {isa = PBXFileReference; explicitFileType = wrapper.cfbundle; includeInIndex = 0; path = MyBookLibraryTests.xctest; sourceTree = BUILT_PRODUCTS_DIR; };
		CC375C862C5FB30F008AD74F /* MyBookLibraryUITests.xctest */ = {isa = PBXFileReference; explicitFileType = wrapper.cfbundle; includeInIndex = 0; path = MyBookLibraryUITests.xctest; sourceTree = BUILT_PRODUCTS_DIR; };
		CC375C8A2C5FB30F008AD74F /* MyBookLibraryUITests.swift */ = {isa = PBXFileReference; lastKnownFileType = sourcecode.swift; path = MyBookLibraryUITests.swift; sourceTree = "<group>"; };
		CC375C8C2C5FB30F008AD74F /* MyBookLibraryUITestsLaunchTests.swift */ = {isa = PBXFileReference; lastKnownFileType = sourcecode.swift; path = MyBookLibraryUITestsLaunchTests.swift; sourceTree = "<group>"; };
		CC375CA22C5FBC63008AD74F /* Book.swift */ = {isa = PBXFileReference; lastKnownFileType = sourcecode.swift; path = Book.swift; sourceTree = "<group>"; };
		CC55470B2C63B7F200011C8D /* XCTestCase+Helper.swift */ = {isa = PBXFileReference; lastKnownFileType = sourcecode.swift; path = "XCTestCase+Helper.swift"; sourceTree = "<group>"; };
		CCA2757C2C66266400AC2583 /* BookListViewModel.swift */ = {isa = PBXFileReference; lastKnownFileType = sourcecode.swift; path = BookListViewModel.swift; sourceTree = "<group>"; };
		CCC655B02C68D810007471CB /* BookDetailPageViewController.swift */ = {isa = PBXFileReference; lastKnownFileType = sourcecode.swift; path = BookDetailPageViewController.swift; sourceTree = "<group>"; };
		CCC655B62C68DA0D007471CB /* UIImageView+DownloadImage.swift */ = {isa = PBXFileReference; lastKnownFileType = sourcecode.swift; path = "UIImageView+DownloadImage.swift"; sourceTree = "<group>"; };
		CCC655B82C68DD68007471CB /* BookDetailPageViewController.xib */ = {isa = PBXFileReference; fileEncoding = 4; lastKnownFileType = file.xib; path = BookDetailPageViewController.xib; sourceTree = "<group>"; };
		CCC655BA2C68DE87007471CB /* Date+FormattedDisplay.swift */ = {isa = PBXFileReference; lastKnownFileType = sourcecode.swift; path = "Date+FormattedDisplay.swift"; sourceTree = "<group>"; };
		CCC655BC2C690D0C007471CB /* FavoritesManager.swift */ = {isa = PBXFileReference; lastKnownFileType = sourcecode.swift; path = FavoritesManager.swift; sourceTree = "<group>"; };
		CCC655BF2C690D4A007471CB /* FavoritesManagerTest.swift */ = {isa = PBXFileReference; lastKnownFileType = sourcecode.swift; path = FavoritesManagerTest.swift; sourceTree = "<group>"; };
		CCD3698B2C68B5DD008B280A /* BookAdapter.swift */ = {isa = PBXFileReference; lastKnownFileType = sourcecode.swift; path = BookAdapter.swift; sourceTree = "<group>"; };
		CCD3698D2C68B65F008B280A /* BookService.swift */ = {isa = PBXFileReference; lastKnownFileType = sourcecode.swift; path = BookService.swift; sourceTree = "<group>"; };
		CCD369942C68BA97008B280A /* BookCollectionViewCell.swift */ = {isa = PBXFileReference; lastKnownFileType = sourcecode.swift; path = BookCollectionViewCell.swift; sourceTree = "<group>"; };
		CCD369952C68BA97008B280A /* BookCollectionViewCell.xib */ = {isa = PBXFileReference; lastKnownFileType = file.xib; path = BookCollectionViewCell.xib; sourceTree = "<group>"; };
		CCD4A4202C6A1B0D00B94523 /* BookSaverManagerTest.swift */ = {isa = PBXFileReference; lastKnownFileType = sourcecode.swift; path = BookSaverManagerTest.swift; sourceTree = "<group>"; };
		CCE4AC172C6A569700997CB9 /* BookAdapterTest.swift */ = {isa = PBXFileReference; lastKnownFileType = sourcecode.swift; path = BookAdapterTest.swift; sourceTree = "<group>"; };
		CCE4AC192C6A57E000997CB9 /* MockBookSaver.swift */ = {isa = PBXFileReference; lastKnownFileType = sourcecode.swift; path = MockBookSaver.swift; sourceTree = "<group>"; };
		CCE4AC1C2C6A580F00997CB9 /* BookListViewModelTest.swift */ = {isa = PBXFileReference; lastKnownFileType = sourcecode.swift; path = BookListViewModelTest.swift; sourceTree = "<group>"; };
		CCF0E5C82C69A9B7006AA374 /* BookDataModel.xcdatamodel */ = {isa = PBXFileReference; lastKnownFileType = wrapper.xcdatamodel; path = BookDataModel.xcdatamodel; sourceTree = "<group>"; };
		CCF0E5CB2C69AA8B006AA374 /* BookSaverManager.swift */ = {isa = PBXFileReference; lastKnownFileType = sourcecode.swift; path = BookSaverManager.swift; sourceTree = "<group>"; };
		CCF0E5CD2C69ACC7006AA374 /* AddBookViewController.swift */ = {isa = PBXFileReference; lastKnownFileType = sourcecode.swift; path = AddBookViewController.swift; sourceTree = "<group>"; };
		CCF0E5CF2C69ACD9006AA374 /* AddBookViewController.xib */ = {isa = PBXFileReference; lastKnownFileType = file.xib; path = AddBookViewController.xib; sourceTree = "<group>"; };
		CCF68DBB2C676364005AB986 /* MockBookService.swift */ = {isa = PBXFileReference; lastKnownFileType = sourcecode.swift; path = MockBookService.swift; sourceTree = "<group>"; };
		CCF68DBE2C677642005AB986 /* Book+Sample.swift */ = {isa = PBXFileReference; lastKnownFileType = sourcecode.swift; path = "Book+Sample.swift"; sourceTree = "<group>"; };
/* End PBXFileReference section */

/* Begin PBXFrameworksBuildPhase section */
		CC375C632C5FB30C008AD74F /* Frameworks */ = {
			isa = PBXFrameworksBuildPhase;
			buildActionMask = 2147483647;
			files = (
				CC5547152C63D0E300011C8D /* Alamofire in Frameworks */,
			);
			runOnlyForDeploymentPostprocessing = 0;
		};
		CC375C792C5FB30F008AD74F /* Frameworks */ = {
			isa = PBXFrameworksBuildPhase;
			buildActionMask = 2147483647;
			files = (
			);
			runOnlyForDeploymentPostprocessing = 0;
		};
		CC375C832C5FB30F008AD74F /* Frameworks */ = {
			isa = PBXFrameworksBuildPhase;
			buildActionMask = 2147483647;
			files = (
			);
			runOnlyForDeploymentPostprocessing = 0;
		};
/* End PBXFrameworksBuildPhase section */

/* Begin PBXGroup section */
		CC375C5D2C5FB30C008AD74F = {
			isa = PBXGroup;
			children = (
				CC375C682C5FB30C008AD74F /* MyBookLibrary */,
				CC375C7F2C5FB30F008AD74F /* MyBookLibraryTests */,
				CC375C892C5FB30F008AD74F /* MyBookLibraryUITests */,
				CC375C672C5FB30C008AD74F /* Products */,
			);
			sourceTree = "<group>";
		};
		CC375C672C5FB30C008AD74F /* Products */ = {
			isa = PBXGroup;
			children = (
				CC375C662C5FB30C008AD74F /* MyBookLibrary.app */,
				CC375C7C2C5FB30F008AD74F /* MyBookLibraryTests.xctest */,
				CC375C862C5FB30F008AD74F /* MyBookLibraryUITests.xctest */,
			);
			name = Products;
			sourceTree = "<group>";
		};
		CC375C682C5FB30C008AD74F /* MyBookLibrary */ = {
			isa = PBXGroup;
			children = (
				CCF0E5CA2C69A9BC006AA374 /* Core Data */,
				CCC655B52C68D9FC007471CB /* Shared Extension */,
				CCD369902C68BA4E008B280A /* Utility */,
				CCD3698F2C68BA47008B280A /* View */,
				CCD3698A2C68B5D1008B280A /* Adapter */,
				CC375CA42C5FBE3D008AD74F /* Service */,
				CCA2757B2C66265D00AC2583 /* ViewModel */,
				CC375CA12C5FBC55008AD74F /* Model */,
				CC375C992C5FB3AE008AD74F /* Network */,
				CC375C722C5FB30E008AD74F /* Assets.xcassets */,
				CC375C742C5FB30E008AD74F /* LaunchScreen.storyboard */,
				CC375C6D2C5FB30C008AD74F /* BookViewController.swift */,
				CC375C772C5FB30E008AD74F /* Info.plist */,
			);
			path = MyBookLibrary;
			sourceTree = "<group>";
		};
		CC375C7F2C5FB30F008AD74F /* MyBookLibraryTests */ = {
			isa = PBXGroup;
			children = (
				CCE4AC1B2C6A580100997CB9 /* ViewModel */,
				CCE4AC162C6A566800997CB9 /* Adapter */,
				CCD4A41F2C6A1B0200B94523 /* Core Data */,
				CCC655BE2C690D36007471CB /* Utility */,
				CC55470D2C63B7FE00011C8D /* Shared */,
				CC375C9B2C5FB3C0008AD74F /* Network */,
			);
			path = MyBookLibraryTests;
			sourceTree = "<group>";
		};
		CC375C892C5FB30F008AD74F /* MyBookLibraryUITests */ = {
			isa = PBXGroup;
			children = (
				CC375C8A2C5FB30F008AD74F /* MyBookLibraryUITests.swift */,
				CC375C8C2C5FB30F008AD74F /* MyBookLibraryUITestsLaunchTests.swift */,
			);
			path = MyBookLibraryUITests;
			sourceTree = "<group>";
		};
		CC375C992C5FB3AE008AD74F /* Network */ = {
			isa = PBXGroup;
			children = (
			);
			path = Network;
			sourceTree = "<group>";
		};
		CC375C9B2C5FB3C0008AD74F /* Network */ = {
			isa = PBXGroup;
			children = (
				CCF68DBD2C677608005AB986 /* Mock */,
			);
			path = Network;
			sourceTree = "<group>";
		};
		CC375CA12C5FBC55008AD74F /* Model */ = {
			isa = PBXGroup;
			children = (
				CC375CA22C5FBC63008AD74F /* Book.swift */,
			);
			path = Model;
			sourceTree = "<group>";
		};
		CC375CA42C5FBE3D008AD74F /* Service */ = {
			isa = PBXGroup;
			children = (
				CCD3698D2C68B65F008B280A /* BookService.swift */,
			);
			path = Service;
			sourceTree = "<group>";
		};
		CC55470D2C63B7FE00011C8D /* Shared */ = {
			isa = PBXGroup;
			children = (
				CC55470B2C63B7F200011C8D /* XCTestCase+Helper.swift */,
			);
			path = Shared;
			sourceTree = "<group>";
		};
		CCA2757B2C66265D00AC2583 /* ViewModel */ = {
			isa = PBXGroup;
			children = (
				CCA2757C2C66266400AC2583 /* BookListViewModel.swift */,
			);
			path = ViewModel;
			sourceTree = "<group>";
		};
		CCC655B42C68D825007471CB /* ViewController */ = {
			isa = PBXGroup;
			children = (
				CCC655B02C68D810007471CB /* BookDetailPageViewController.swift */,
				CCC655B82C68DD68007471CB /* BookDetailPageViewController.xib */,
				CCF0E5CD2C69ACC7006AA374 /* AddBookViewController.swift */,
				CCF0E5CF2C69ACD9006AA374 /* AddBookViewController.xib */,
			);
			path = ViewController;
			sourceTree = "<group>";
		};
		CCC655B52C68D9FC007471CB /* Shared Extension */ = {
			isa = PBXGroup;
			children = (
				CCC655B62C68DA0D007471CB /* UIImageView+DownloadImage.swift */,
				CCC655BA2C68DE87007471CB /* Date+FormattedDisplay.swift */,
			);
			path = "Shared Extension";
			sourceTree = "<group>";
		};
		CCC655BE2C690D36007471CB /* Utility */ = {
			isa = PBXGroup;
			children = (
				CCC655BF2C690D4A007471CB /* FavoritesManagerTest.swift */,
			);
			path = Utility;
			sourceTree = "<group>";
		};
		CCD3698A2C68B5D1008B280A /* Adapter */ = {
			isa = PBXGroup;
			children = (
				CCD3698B2C68B5DD008B280A /* BookAdapter.swift */,
			);
			path = Adapter;
			sourceTree = "<group>";
		};
		CCD3698F2C68BA47008B280A /* View */ = {
			isa = PBXGroup;
			children = (
				CC375C6F2C5FB30C008AD74F /* Main.storyboard */,
				CCC655B42C68D825007471CB /* ViewController */,
				CCD369912C68BA69008B280A /* CollectionViewCell */,
			);
			path = View;
			sourceTree = "<group>";
		};
		CCD369902C68BA4E008B280A /* Utility */ = {
			isa = PBXGroup;
			children = (
				CC375C692C5FB30C008AD74F /* AppDelegate.swift */,
				CC375C6B2C5FB30C008AD74F /* SceneDelegate.swift */,
				CCC655BC2C690D0C007471CB /* FavoritesManager.swift */,
			);
			path = Utility;
			sourceTree = "<group>";
		};
		CCD369912C68BA69008B280A /* CollectionViewCell */ = {
			isa = PBXGroup;
			children = (
				CCD369942C68BA97008B280A /* BookCollectionViewCell.swift */,
				CCD369952C68BA97008B280A /* BookCollectionViewCell.xib */,
			);
			path = CollectionViewCell;
			sourceTree = "<group>";
		};
		CCD4A41F2C6A1B0200B94523 /* Core Data */ = {
			isa = PBXGroup;
			children = (
				CCD4A4202C6A1B0D00B94523 /* BookSaverManagerTest.swift */,
			);
			path = "Core Data";
			sourceTree = "<group>";
		};
		CCE4AC162C6A566800997CB9 /* Adapter */ = {
			isa = PBXGroup;
			children = (
				CCE4AC172C6A569700997CB9 /* BookAdapterTest.swift */,
			);
			path = Adapter;
			sourceTree = "<group>";
		};
		CCE4AC1B2C6A580100997CB9 /* ViewModel */ = {
			isa = PBXGroup;
			children = (
				CCE4AC1C2C6A580F00997CB9 /* BookListViewModelTest.swift */,
			);
			path = ViewModel;
			sourceTree = "<group>";
		};
		CCF0E5CA2C69A9BC006AA374 /* Core Data */ = {
			isa = PBXGroup;
			children = (
				CCF0E5C72C69A9B7006AA374 /* BookDataModel.xcdatamodeld */,
				CCF0E5CB2C69AA8B006AA374 /* BookSaverManager.swift */,
			);
			path = "Core Data";
			sourceTree = "<group>";
		};
		CCF68DBD2C677608005AB986 /* Mock */ = {
			isa = PBXGroup;
			children = (
				CCF68DBB2C676364005AB986 /* MockBookService.swift */,
				CCE4AC192C6A57E000997CB9 /* MockBookSaver.swift */,
				CCF68DBE2C677642005AB986 /* Book+Sample.swift */,
			);
			path = Mock;
			sourceTree = "<group>";
		};
/* End PBXGroup section */

/* Begin PBXNativeTarget section */
		CC375C652C5FB30C008AD74F /* MyBookLibrary */ = {
			isa = PBXNativeTarget;
			buildConfigurationList = CC375C902C5FB30F008AD74F /* Build configuration list for PBXNativeTarget "MyBookLibrary" */;
			buildPhases = (
				CC375C622C5FB30C008AD74F /* Sources */,
				CC375C632C5FB30C008AD74F /* Frameworks */,
				CC375C642C5FB30C008AD74F /* Resources */,
			);
			buildRules = (
			);
			dependencies = (
			);
			name = MyBookLibrary;
			packageProductDependencies = (
				CC5547142C63D0E300011C8D /* Alamofire */,
			);
			productName = MyBookLibrary;
			productReference = CC375C662C5FB30C008AD74F /* MyBookLibrary.app */;
			productType = "com.apple.product-type.application";
		};
		CC375C7B2C5FB30F008AD74F /* MyBookLibraryTests */ = {
			isa = PBXNativeTarget;
			buildConfigurationList = CC375C932C5FB30F008AD74F /* Build configuration list for PBXNativeTarget "MyBookLibraryTests" */;
			buildPhases = (
				CC375C782C5FB30F008AD74F /* Sources */,
				CC375C792C5FB30F008AD74F /* Frameworks */,
				CC375C7A2C5FB30F008AD74F /* Resources */,
			);
			buildRules = (
			);
			dependencies = (
				CC375C7E2C5FB30F008AD74F /* PBXTargetDependency */,
			);
			name = MyBookLibraryTests;
			productName = MyBookLibraryTests;
			productReference = CC375C7C2C5FB30F008AD74F /* MyBookLibraryTests.xctest */;
			productType = "com.apple.product-type.bundle.unit-test";
		};
		CC375C852C5FB30F008AD74F /* MyBookLibraryUITests */ = {
			isa = PBXNativeTarget;
			buildConfigurationList = CC375C962C5FB30F008AD74F /* Build configuration list for PBXNativeTarget "MyBookLibraryUITests" */;
			buildPhases = (
				CC375C822C5FB30F008AD74F /* Sources */,
				CC375C832C5FB30F008AD74F /* Frameworks */,
				CC375C842C5FB30F008AD74F /* Resources */,
			);
			buildRules = (
			);
			dependencies = (
				CC375C882C5FB30F008AD74F /* PBXTargetDependency */,
			);
			name = MyBookLibraryUITests;
			productName = MyBookLibraryUITests;
			productReference = CC375C862C5FB30F008AD74F /* MyBookLibraryUITests.xctest */;
			productType = "com.apple.product-type.bundle.ui-testing";
		};
/* End PBXNativeTarget section */

/* Begin PBXProject section */
		CC375C5E2C5FB30C008AD74F /* Project object */ = {
			isa = PBXProject;
			attributes = {
				BuildIndependentTargetsInParallel = 1;
				LastSwiftUpdateCheck = 1540;
				LastUpgradeCheck = 1540;
				TargetAttributes = {
					CC375C652C5FB30C008AD74F = {
						CreatedOnToolsVersion = 15.4;
					};
					CC375C7B2C5FB30F008AD74F = {
						CreatedOnToolsVersion = 15.4;
						TestTargetID = CC375C652C5FB30C008AD74F;
					};
					CC375C852C5FB30F008AD74F = {
						CreatedOnToolsVersion = 15.4;
						TestTargetID = CC375C652C5FB30C008AD74F;
					};
				};
			};
			buildConfigurationList = CC375C612C5FB30C008AD74F /* Build configuration list for PBXProject "MyBookLibrary" */;
			compatibilityVersion = "Xcode 14.0";
			developmentRegion = en;
			hasScannedForEncodings = 0;
			knownRegions = (
				en,
				Base,
			);
			mainGroup = CC375C5D2C5FB30C008AD74F;
			packageReferences = (
				CC5547132C63D0E300011C8D /* XCRemoteSwiftPackageReference "Alamofire" */,
			);
			productRefGroup = CC375C672C5FB30C008AD74F /* Products */;
			projectDirPath = "";
			projectRoot = "";
			targets = (
				CC375C652C5FB30C008AD74F /* MyBookLibrary */,
				CC375C7B2C5FB30F008AD74F /* MyBookLibraryTests */,
				CC375C852C5FB30F008AD74F /* MyBookLibraryUITests */,
			);
		};
/* End PBXProject section */

/* Begin PBXResourcesBuildPhase section */
		CC375C642C5FB30C008AD74F /* Resources */ = {
			isa = PBXResourcesBuildPhase;
			buildActionMask = 2147483647;
			files = (
				CC375C732C5FB30E008AD74F /* Assets.xcassets in Resources */,
				CCF0E5D02C69ACD9006AA374 /* AddBookViewController.xib in Resources */,
				CCD369972C68BA97008B280A /* BookCollectionViewCell.xib in Resources */,
				CC375C762C5FB30E008AD74F /* Base in Resources */,
				CC375C712C5FB30C008AD74F /* Base in Resources */,
				CCC655B92C68DD68007471CB /* BookDetailPageViewController.xib in Resources */,
			);
			runOnlyForDeploymentPostprocessing = 0;
		};
		CC375C7A2C5FB30F008AD74F /* Resources */ = {
			isa = PBXResourcesBuildPhase;
			buildActionMask = 2147483647;
			files = (
			);
			runOnlyForDeploymentPostprocessing = 0;
		};
		CC375C842C5FB30F008AD74F /* Resources */ = {
			isa = PBXResourcesBuildPhase;
			buildActionMask = 2147483647;
			files = (
			);
			runOnlyForDeploymentPostprocessing = 0;
		};
/* End PBXResourcesBuildPhase section */

/* Begin PBXSourcesBuildPhase section */
		CC375C622C5FB30C008AD74F /* Sources */ = {
			isa = PBXSourcesBuildPhase;
			buildActionMask = 2147483647;
			files = (
				CC375CA32C5FBC63008AD74F /* Book.swift in Sources */,
				CCF0E5CE2C69ACC7006AA374 /* AddBookViewController.swift in Sources */,
				CC375C6E2C5FB30C008AD74F /* BookViewController.swift in Sources */,
				CCD3698E2C68B65F008B280A /* BookService.swift in Sources */,
				CCC655BD2C690D0C007471CB /* FavoritesManager.swift in Sources */,
				CCD3698C2C68B5DD008B280A /* BookAdapter.swift in Sources */,
				CCC655B22C68D810007471CB /* BookDetailPageViewController.swift in Sources */,
				CC375C6A2C5FB30C008AD74F /* AppDelegate.swift in Sources */,
				CCF0E5C92C69A9B7006AA374 /* BookDataModel.xcdatamodeld in Sources */,
				CCC655BB2C68DE87007471CB /* Date+FormattedDisplay.swift in Sources */,
				CCC655B72C68DA0D007471CB /* UIImageView+DownloadImage.swift in Sources */,
				CCF0E5CC2C69AA8B006AA374 /* BookSaverManager.swift in Sources */,
				CCD369962C68BA97008B280A /* BookCollectionViewCell.swift in Sources */,
				CC375C6C2C5FB30C008AD74F /* SceneDelegate.swift in Sources */,
				CCA2757D2C66266400AC2583 /* BookListViewModel.swift in Sources */,
			);
			runOnlyForDeploymentPostprocessing = 0;
		};
		CC375C782C5FB30F008AD74F /* Sources */ = {
			isa = PBXSourcesBuildPhase;
			buildActionMask = 2147483647;
			files = (
				CCE4AC182C6A569700997CB9 /* BookAdapterTest.swift in Sources */,
				CCE4AC1D2C6A580F00997CB9 /* BookListViewModelTest.swift in Sources */,
				CC55470C2C63B7F200011C8D /* XCTestCase+Helper.swift in Sources */,
				CCD4A4212C6A1B0D00B94523 /* BookSaverManagerTest.swift in Sources */,
				CCF68DBF2C677642005AB986 /* Book+Sample.swift in Sources */,
				CCF68DBC2C676364005AB986 /* MockBookService.swift in Sources */,
				CCC655C02C690D4A007471CB /* FavoritesManagerTest.swift in Sources */,
				CCE4AC1A2C6A57E000997CB9 /* MockBookSaver.swift in Sources */,
			);
			runOnlyForDeploymentPostprocessing = 0;
		};
		CC375C822C5FB30F008AD74F /* Sources */ = {
			isa = PBXSourcesBuildPhase;
			buildActionMask = 2147483647;
			files = (
				CC375C8B2C5FB30F008AD74F /* MyBookLibraryUITests.swift in Sources */,
				CC375C8D2C5FB30F008AD74F /* MyBookLibraryUITestsLaunchTests.swift in Sources */,
			);
			runOnlyForDeploymentPostprocessing = 0;
		};
/* End PBXSourcesBuildPhase section */

/* Begin PBXTargetDependency section */
		CC375C7E2C5FB30F008AD74F /* PBXTargetDependency */ = {
			isa = PBXTargetDependency;
			target = CC375C652C5FB30C008AD74F /* MyBookLibrary */;
			targetProxy = CC375C7D2C5FB30F008AD74F /* PBXContainerItemProxy */;
		};
		CC375C882C5FB30F008AD74F /* PBXTargetDependency */ = {
			isa = PBXTargetDependency;
			target = CC375C652C5FB30C008AD74F /* MyBookLibrary */;
			targetProxy = CC375C872C5FB30F008AD74F /* PBXContainerItemProxy */;
		};
/* End PBXTargetDependency section */

/* Begin PBXVariantGroup section */
		CC375C6F2C5FB30C008AD74F /* Main.storyboard */ = {
			isa = PBXVariantGroup;
			children = (
				CC375C702C5FB30C008AD74F /* Base */,
			);
			name = Main.storyboard;
			sourceTree = "<group>";
		};
		CC375C742C5FB30E008AD74F /* LaunchScreen.storyboard */ = {
			isa = PBXVariantGroup;
			children = (
				CC375C752C5FB30E008AD74F /* Base */,
			);
			name = LaunchScreen.storyboard;
			sourceTree = "<group>";
		};
/* End PBXVariantGroup section */

/* Begin XCBuildConfiguration section */
		CC375C8E2C5FB30F008AD74F /* Debug */ = {
			isa = XCBuildConfiguration;
			buildSettings = {
				ALWAYS_SEARCH_USER_PATHS = NO;
				ASSETCATALOG_COMPILER_GENERATE_SWIFT_ASSET_SYMBOL_EXTENSIONS = YES;
				CLANG_ANALYZER_NONNULL = YES;
				CLANG_ANALYZER_NUMBER_OBJECT_CONVERSION = YES_AGGRESSIVE;
				CLANG_CXX_LANGUAGE_STANDARD = "gnu++20";
				CLANG_ENABLE_MODULES = YES;
				CLANG_ENABLE_OBJC_ARC = YES;
				CLANG_ENABLE_OBJC_WEAK = YES;
				CLANG_WARN_BLOCK_CAPTURE_AUTORELEASING = YES;
				CLANG_WARN_BOOL_CONVERSION = YES;
				CLANG_WARN_COMMA = YES;
				CLANG_WARN_CONSTANT_CONVERSION = YES;
				CLANG_WARN_DEPRECATED_OBJC_IMPLEMENTATIONS = YES;
				CLANG_WARN_DIRECT_OBJC_ISA_USAGE = YES_ERROR;
				CLANG_WARN_DOCUMENTATION_COMMENTS = YES;
				CLANG_WARN_EMPTY_BODY = YES;
				CLANG_WARN_ENUM_CONVERSION = YES;
				CLANG_WARN_INFINITE_RECURSION = YES;
				CLANG_WARN_INT_CONVERSION = YES;
				CLANG_WARN_NON_LITERAL_NULL_CONVERSION = YES;
				CLANG_WARN_OBJC_IMPLICIT_RETAIN_SELF = YES;
				CLANG_WARN_OBJC_LITERAL_CONVERSION = YES;
				CLANG_WARN_OBJC_ROOT_CLASS = YES_ERROR;
				CLANG_WARN_QUOTED_INCLUDE_IN_FRAMEWORK_HEADER = YES;
				CLANG_WARN_RANGE_LOOP_ANALYSIS = YES;
				CLANG_WARN_STRICT_PROTOTYPES = YES;
				CLANG_WARN_SUSPICIOUS_MOVE = YES;
				CLANG_WARN_UNGUARDED_AVAILABILITY = YES_AGGRESSIVE;
				CLANG_WARN_UNREACHABLE_CODE = YES;
				CLANG_WARN__DUPLICATE_METHOD_MATCH = YES;
				COPY_PHASE_STRIP = NO;
				DEBUG_INFORMATION_FORMAT = dwarf;
				ENABLE_STRICT_OBJC_MSGSEND = YES;
				ENABLE_TESTABILITY = YES;
				ENABLE_USER_SCRIPT_SANDBOXING = YES;
				GCC_C_LANGUAGE_STANDARD = gnu17;
				GCC_DYNAMIC_NO_PIC = NO;
				GCC_NO_COMMON_BLOCKS = YES;
				GCC_OPTIMIZATION_LEVEL = 0;
				GCC_PREPROCESSOR_DEFINITIONS = (
					"DEBUG=1",
					"$(inherited)",
				);
				GCC_WARN_64_TO_32_BIT_CONVERSION = YES;
				GCC_WARN_ABOUT_RETURN_TYPE = YES_ERROR;
				GCC_WARN_UNDECLARED_SELECTOR = YES;
				GCC_WARN_UNINITIALIZED_AUTOS = YES_AGGRESSIVE;
				GCC_WARN_UNUSED_FUNCTION = YES;
				GCC_WARN_UNUSED_VARIABLE = YES;
				IPHONEOS_DEPLOYMENT_TARGET = 13.0;
				LOCALIZATION_PREFERS_STRING_CATALOGS = YES;
				MTL_ENABLE_DEBUG_INFO = INCLUDE_SOURCE;
				MTL_FAST_MATH = YES;
				ONLY_ACTIVE_ARCH = YES;
				SDKROOT = iphoneos;
				SWIFT_ACTIVE_COMPILATION_CONDITIONS = "DEBUG $(inherited)";
				SWIFT_OPTIMIZATION_LEVEL = "-Onone";
			};
			name = Debug;
		};
		CC375C8F2C5FB30F008AD74F /* Release */ = {
			isa = XCBuildConfiguration;
			buildSettings = {
				ALWAYS_SEARCH_USER_PATHS = NO;
				ASSETCATALOG_COMPILER_GENERATE_SWIFT_ASSET_SYMBOL_EXTENSIONS = YES;
				CLANG_ANALYZER_NONNULL = YES;
				CLANG_ANALYZER_NUMBER_OBJECT_CONVERSION = YES_AGGRESSIVE;
				CLANG_CXX_LANGUAGE_STANDARD = "gnu++20";
				CLANG_ENABLE_MODULES = YES;
				CLANG_ENABLE_OBJC_ARC = YES;
				CLANG_ENABLE_OBJC_WEAK = YES;
				CLANG_WARN_BLOCK_CAPTURE_AUTORELEASING = YES;
				CLANG_WARN_BOOL_CONVERSION = YES;
				CLANG_WARN_COMMA = YES;
				CLANG_WARN_CONSTANT_CONVERSION = YES;
				CLANG_WARN_DEPRECATED_OBJC_IMPLEMENTATIONS = YES;
				CLANG_WARN_DIRECT_OBJC_ISA_USAGE = YES_ERROR;
				CLANG_WARN_DOCUMENTATION_COMMENTS = YES;
				CLANG_WARN_EMPTY_BODY = YES;
				CLANG_WARN_ENUM_CONVERSION = YES;
				CLANG_WARN_INFINITE_RECURSION = YES;
				CLANG_WARN_INT_CONVERSION = YES;
				CLANG_WARN_NON_LITERAL_NULL_CONVERSION = YES;
				CLANG_WARN_OBJC_IMPLICIT_RETAIN_SELF = YES;
				CLANG_WARN_OBJC_LITERAL_CONVERSION = YES;
				CLANG_WARN_OBJC_ROOT_CLASS = YES_ERROR;
				CLANG_WARN_QUOTED_INCLUDE_IN_FRAMEWORK_HEADER = YES;
				CLANG_WARN_RANGE_LOOP_ANALYSIS = YES;
				CLANG_WARN_STRICT_PROTOTYPES = YES;
				CLANG_WARN_SUSPICIOUS_MOVE = YES;
				CLANG_WARN_UNGUARDED_AVAILABILITY = YES_AGGRESSIVE;
				CLANG_WARN_UNREACHABLE_CODE = YES;
				CLANG_WARN__DUPLICATE_METHOD_MATCH = YES;
				COPY_PHASE_STRIP = NO;
				DEBUG_INFORMATION_FORMAT = "dwarf-with-dsym";
				ENABLE_NS_ASSERTIONS = NO;
				ENABLE_STRICT_OBJC_MSGSEND = YES;
				ENABLE_USER_SCRIPT_SANDBOXING = YES;
				GCC_C_LANGUAGE_STANDARD = gnu17;
				GCC_NO_COMMON_BLOCKS = YES;
				GCC_WARN_64_TO_32_BIT_CONVERSION = YES;
				GCC_WARN_ABOUT_RETURN_TYPE = YES_ERROR;
				GCC_WARN_UNDECLARED_SELECTOR = YES;
				GCC_WARN_UNINITIALIZED_AUTOS = YES_AGGRESSIVE;
				GCC_WARN_UNUSED_FUNCTION = YES;
				GCC_WARN_UNUSED_VARIABLE = YES;
				IPHONEOS_DEPLOYMENT_TARGET = 13.0;
				LOCALIZATION_PREFERS_STRING_CATALOGS = YES;
				MTL_ENABLE_DEBUG_INFO = NO;
				MTL_FAST_MATH = YES;
				SDKROOT = iphoneos;
				SWIFT_COMPILATION_MODE = wholemodule;
				VALIDATE_PRODUCT = YES;
			};
			name = Release;
		};
		CC375C912C5FB30F008AD74F /* Debug */ = {
			isa = XCBuildConfiguration;
			buildSettings = {
				ASSETCATALOG_COMPILER_APPICON_NAME = AppIcon;
				ASSETCATALOG_COMPILER_GLOBAL_ACCENT_COLOR_NAME = AccentColor;
				CODE_SIGN_STYLE = Automatic;
				CURRENT_PROJECT_VERSION = 1;
				GENERATE_INFOPLIST_FILE = YES;
				INFOPLIST_FILE = MyBookLibrary/Info.plist;
				INFOPLIST_KEY_UIApplicationSupportsIndirectInputEvents = YES;
				INFOPLIST_KEY_UILaunchStoryboardName = LaunchScreen;
				INFOPLIST_KEY_UIMainStoryboardFile = Main;
				INFOPLIST_KEY_UISupportedInterfaceOrientations_iPad = "UIInterfaceOrientationPortrait UIInterfaceOrientationPortraitUpsideDown UIInterfaceOrientationLandscapeLeft UIInterfaceOrientationLandscapeRight";
				INFOPLIST_KEY_UISupportedInterfaceOrientations_iPhone = "UIInterfaceOrientationPortrait UIInterfaceOrientationLandscapeLeft UIInterfaceOrientationLandscapeRight";
				IPHONEOS_DEPLOYMENT_TARGET = 13.0;
				LD_RUNPATH_SEARCH_PATHS = (
					"$(inherited)",
					"@executable_path/Frameworks",
				);
				MARKETING_VERSION = 1.0;
				PRODUCT_BUNDLE_IDENTIFIER = com.huang.personal.MyBookLibrary;
				PRODUCT_NAME = "$(TARGET_NAME)";
				SWIFT_EMIT_LOC_STRINGS = YES;
				SWIFT_VERSION = 5.0;
				TARGETED_DEVICE_FAMILY = "1,2";
			};
			name = Debug;
		};
		CC375C922C5FB30F008AD74F /* Release */ = {
			isa = XCBuildConfiguration;
			buildSettings = {
				ASSETCATALOG_COMPILER_APPICON_NAME = AppIcon;
				ASSETCATALOG_COMPILER_GLOBAL_ACCENT_COLOR_NAME = AccentColor;
				CODE_SIGN_STYLE = Automatic;
				CURRENT_PROJECT_VERSION = 1;
				GENERATE_INFOPLIST_FILE = YES;
				INFOPLIST_FILE = MyBookLibrary/Info.plist;
				INFOPLIST_KEY_UIApplicationSupportsIndirectInputEvents = YES;
				INFOPLIST_KEY_UILaunchStoryboardName = LaunchScreen;
				INFOPLIST_KEY_UIMainStoryboardFile = Main;
				INFOPLIST_KEY_UISupportedInterfaceOrientations_iPad = "UIInterfaceOrientationPortrait UIInterfaceOrientationPortraitUpsideDown UIInterfaceOrientationLandscapeLeft UIInterfaceOrientationLandscapeRight";
				INFOPLIST_KEY_UISupportedInterfaceOrientations_iPhone = "UIInterfaceOrientationPortrait UIInterfaceOrientationLandscapeLeft UIInterfaceOrientationLandscapeRight";
				IPHONEOS_DEPLOYMENT_TARGET = 13.0;
				LD_RUNPATH_SEARCH_PATHS = (
					"$(inherited)",
					"@executable_path/Frameworks",
				);
				MARKETING_VERSION = 1.0;
				PRODUCT_BUNDLE_IDENTIFIER = com.huang.personal.MyBookLibrary;
				PRODUCT_NAME = "$(TARGET_NAME)";
				SWIFT_EMIT_LOC_STRINGS = YES;
				SWIFT_VERSION = 5.0;
				TARGETED_DEVICE_FAMILY = "1,2";
			};
			name = Release;
		};
		CC375C942C5FB30F008AD74F /* Debug */ = {
			isa = XCBuildConfiguration;
			buildSettings = {
				ALWAYS_EMBED_SWIFT_STANDARD_LIBRARIES = YES;
				BUNDLE_LOADER = "$(TEST_HOST)";
				CODE_SIGN_STYLE = Automatic;
				CURRENT_PROJECT_VERSION = 1;
				GENERATE_INFOPLIST_FILE = YES;
				IPHONEOS_DEPLOYMENT_TARGET = 13.0;
				MARKETING_VERSION = 1.0;
				PRODUCT_BUNDLE_IDENTIFIER = com.huang.personal.MyBookLibraryTests;
				PRODUCT_NAME = "$(TARGET_NAME)";
				SWIFT_EMIT_LOC_STRINGS = NO;
				SWIFT_VERSION = 5.0;
				TARGETED_DEVICE_FAMILY = "1,2";
				TEST_HOST = "$(BUILT_PRODUCTS_DIR)/MyBookLibrary.app/$(BUNDLE_EXECUTABLE_FOLDER_PATH)/MyBookLibrary";
			};
			name = Debug;
		};
		CC375C952C5FB30F008AD74F /* Release */ = {
			isa = XCBuildConfiguration;
			buildSettings = {
				ALWAYS_EMBED_SWIFT_STANDARD_LIBRARIES = YES;
				BUNDLE_LOADER = "$(TEST_HOST)";
				CODE_SIGN_STYLE = Automatic;
				CURRENT_PROJECT_VERSION = 1;
				GENERATE_INFOPLIST_FILE = YES;
				IPHONEOS_DEPLOYMENT_TARGET = 13.0;
				MARKETING_VERSION = 1.0;
				PRODUCT_BUNDLE_IDENTIFIER = com.huang.personal.MyBookLibraryTests;
				PRODUCT_NAME = "$(TARGET_NAME)";
				SWIFT_EMIT_LOC_STRINGS = NO;
				SWIFT_VERSION = 5.0;
				TARGETED_DEVICE_FAMILY = "1,2";
				TEST_HOST = "$(BUILT_PRODUCTS_DIR)/MyBookLibrary.app/$(BUNDLE_EXECUTABLE_FOLDER_PATH)/MyBookLibrary";
			};
			name = Release;
		};
		CC375C972C5FB30F008AD74F /* Debug */ = {
			isa = XCBuildConfiguration;
			buildSettings = {
				ALWAYS_EMBED_SWIFT_STANDARD_LIBRARIES = YES;
				CODE_SIGN_STYLE = Automatic;
				CURRENT_PROJECT_VERSION = 1;
				GENERATE_INFOPLIST_FILE = YES;
				MARKETING_VERSION = 1.0;
				PRODUCT_BUNDLE_IDENTIFIER = com.huang.personal.MyBookLibraryUITests;
				PRODUCT_NAME = "$(TARGET_NAME)";
				SWIFT_EMIT_LOC_STRINGS = NO;
				SWIFT_VERSION = 5.0;
				TARGETED_DEVICE_FAMILY = "1,2";
				TEST_TARGET_NAME = MyBookLibrary;
			};
			name = Debug;
		};
		CC375C982C5FB30F008AD74F /* Release */ = {
			isa = XCBuildConfiguration;
			buildSettings = {
				ALWAYS_EMBED_SWIFT_STANDARD_LIBRARIES = YES;
				CODE_SIGN_STYLE = Automatic;
				CURRENT_PROJECT_VERSION = 1;
				GENERATE_INFOPLIST_FILE = YES;
				MARKETING_VERSION = 1.0;
				PRODUCT_BUNDLE_IDENTIFIER = com.huang.personal.MyBookLibraryUITests;
				PRODUCT_NAME = "$(TARGET_NAME)";
				SWIFT_EMIT_LOC_STRINGS = NO;
				SWIFT_VERSION = 5.0;
				TARGETED_DEVICE_FAMILY = "1,2";
				TEST_TARGET_NAME = MyBookLibrary;
			};
			name = Release;
		};
/* End XCBuildConfiguration section */

/* Begin XCConfigurationList section */
		CC375C612C5FB30C008AD74F /* Build configuration list for PBXProject "MyBookLibrary" */ = {
			isa = XCConfigurationList;
			buildConfigurations = (
				CC375C8E2C5FB30F008AD74F /* Debug */,
				CC375C8F2C5FB30F008AD74F /* Release */,
			);
			defaultConfigurationIsVisible = 0;
			defaultConfigurationName = Release;
		};
		CC375C902C5FB30F008AD74F /* Build configuration list for PBXNativeTarget "MyBookLibrary" */ = {
			isa = XCConfigurationList;
			buildConfigurations = (
				CC375C912C5FB30F008AD74F /* Debug */,
				CC375C922C5FB30F008AD74F /* Release */,
			);
			defaultConfigurationIsVisible = 0;
			defaultConfigurationName = Release;
		};
		CC375C932C5FB30F008AD74F /* Build configuration list for PBXNativeTarget "MyBookLibraryTests" */ = {
			isa = XCConfigurationList;
			buildConfigurations = (
				CC375C942C5FB30F008AD74F /* Debug */,
				CC375C952C5FB30F008AD74F /* Release */,
			);
			defaultConfigurationIsVisible = 0;
			defaultConfigurationName = Release;
		};
		CC375C962C5FB30F008AD74F /* Build configuration list for PBXNativeTarget "MyBookLibraryUITests" */ = {
			isa = XCConfigurationList;
			buildConfigurations = (
				CC375C972C5FB30F008AD74F /* Debug */,
				CC375C982C5FB30F008AD74F /* Release */,
			);
			defaultConfigurationIsVisible = 0;
			defaultConfigurationName = Release;
		};
/* End XCConfigurationList section */

/* Begin XCRemoteSwiftPackageReference section */
		CC5547132C63D0E300011C8D /* XCRemoteSwiftPackageReference "Alamofire" */ = {
			isa = XCRemoteSwiftPackageReference;
			repositoryURL = "https://github.com/Alamofire/Alamofire.git";
			requirement = {
				kind = upToNextMajorVersion;
				minimumVersion = 5.9.1;
			};
		};
/* End XCRemoteSwiftPackageReference section */

/* Begin XCSwiftPackageProductDependency section */
		CC5547142C63D0E300011C8D /* Alamofire */ = {
			isa = XCSwiftPackageProductDependency;
			package = CC5547132C63D0E300011C8D /* XCRemoteSwiftPackageReference "Alamofire" */;
			productName = Alamofire;
		};
/* End XCSwiftPackageProductDependency section */

/* Begin XCVersionGroup section */
		CCF0E5C72C69A9B7006AA374 /* BookDataModel.xcdatamodeld */ = {
			isa = XCVersionGroup;
			children = (
				CCF0E5C82C69A9B7006AA374 /* BookDataModel.xcdatamodel */,
			);
			currentVersion = CCF0E5C82C69A9B7006AA374 /* BookDataModel.xcdatamodel */;
			path = BookDataModel.xcdatamodeld;
			sourceTree = "<group>";
			versionGroupType = wrapper.xcdatamodel;
		};
/* End XCVersionGroup section */
	};
	rootObject = CC375C5E2C5FB30C008AD74F /* Project object */;
}
